
Microsoft Visual Studio Solution File, Format Version 12.00
# Visual Studio Version 17
VisualStudioVersion = 17.9.34607.119
MinimumVisualStudioVersion = 10.0.40219.1
Project("{FAE04EC0-301F-11D3-BF4B-00C04F79EFBC}") = "SubscribeProvider", "SubscribeProvider\SubscribeProvider.csproj", "{8472516E-F8D7-4C06-95B2-E9602C51629A}"
EndProject
Global
	GlobalSection(SolutionConfigurationPlatforms) = preSolution
		Debug|Any CPU = Debug|Any CPU
		Release|Any CPU = Release|Any CPU
	EndGlobalSection
	GlobalSection(ProjectConfigurationPlatforms) = postSolution
		{8472516E-F8D7-4C06-95B2-E9602C51629A}.Debug|Any CPU.ActiveCfg = Debug|Any CPU
		{8472516E-F8D7-4C06-95B2-E9602C51629A}.Debug|Any CPU.Build.0 = Debug|Any CPU
		{8472516E-F8D7-4C06-95B2-E9602C51629A}.Release|Any CPU.ActiveCfg = Release|Any CPU
		{8472516E-F8D7-4C06-95B2-E9602C51629A}.Release|Any CPU.Build.0 = Release|Any CPU
	EndGlobalSection
	GlobalSection(SolutionProperties) = preSolution
		HideSolutionNode = FALSE
	EndGlobalSection
	GlobalSection(ExtensibilityGlobals) = postSolution
		SolutionGuid = {344AAE0B-40ED-4BD0-92AD-B1AC88DA9745}
	EndGlobalSection
EndGlobal
